
Microsoft Visual Studio Solution File, Format Version 12.00
# Visual Studio 15
VisualStudioVersion = 15.0.28307.2017
MinimumVisualStudioVersion = 10.0.40219.1
Project("{FAE04EC0-301F-11D3-BF4B-00C04F79EFBC}") = "PruebaUno", "PruebaUno\PruebaUno.csproj", "{49FDAD4D-16EB-466A-A0AC-5CEFAF7B7C58}"
EndProject
Project("{FAE04EC0-301F-11D3-BF4B-00C04F79EFBC}") = "PruebaDos", "PruebaDos\PruebaDos.csproj", "{4C9BB125-AB76-46C5-A9C3-CA7E50E9045B}"
EndProject
Global
	GlobalSection(SolutionConfigurationPlatforms) = preSolution
		Debug|Any CPU = Debug|Any CPU
		Release|Any CPU = Release|Any CPU
	EndGlobalSection
	GlobalSection(ProjectConfigurationPlatforms) = postSolution
		{49FDAD4D-16EB-466A-A0AC-5CEFAF7B7C58}.Debug|Any CPU.ActiveCfg = Debug|Any CPU
		{49FDAD4D-16EB-466A-A0AC-5CEFAF7B7C58}.Debug|Any CPU.Build.0 = Debug|Any CPU
		{49FDAD4D-16EB-466A-A0AC-5CEFAF7B7C58}.Release|Any CPU.ActiveCfg = Release|Any CPU
		{49FDAD4D-16EB-466A-A0AC-5CEFAF7B7C58}.Release|Any CPU.Build.0 = Release|Any CPU
		{4C9BB125-AB76-46C5-A9C3-CA7E50E9045B}.Debug|Any CPU.ActiveCfg = Debug|Any CPU
		{4C9BB125-AB76-46C5-A9C3-CA7E50E9045B}.Debug|Any CPU.Build.0 = Debug|Any CPU
		{4C9BB125-AB76-46C5-A9C3-CA7E50E9045B}.Release|Any CPU.ActiveCfg = Release|Any CPU
		{4C9BB125-AB76-46C5-A9C3-CA7E50E9045B}.Release|Any CPU.Build.0 = Release|Any CPU
	EndGlobalSection
	GlobalSection(SolutionProperties) = preSolution
		HideSolutionNode = FALSE
	EndGlobalSection
	GlobalSection(ExtensibilityGlobals) = postSolution
		SolutionGuid = {86354EAC-6952-4DDE-9E84-85BA8735BA72}
	EndGlobalSection
EndGlobal
